<Solution>
  <Project Path="Ecomerce.AppHost/Ecomerce.AppHost.csproj" Id="95100736-fcd5-4972-b03a-41391ee645c8" />
  <Project Path="Ecomerce.Model/Ecomerce.Model.csproj" />
  <Project Path="Ecomerce.PagamentoService/Ecomerce.PagamentoService.csproj" />
  <Project Path="Ecomerce.PedidoService/Ecomerce.PedidoService.csproj" />
  <Project Path="Ecomerce.ProdutoService/Ecomerce.ProdutoService.csproj" />
  <Project Path="Ecomerce.WebApp/Ecomerce.WebApp.csproj" />
</Solution>
